
Microsoft Visual Studio Solution File, Format Version 12.00
# Visual Studio Version 17
VisualStudioVersion = 17.12.35707.178
MinimumVisualStudioVersion = 10.0.40219.1
Project("{FAE04EC0-301F-11D3-BF4B-00C04F79EFBC}") = "SwiftCart", "SwiftCart\SwiftCart.csproj", "{99158BE0-7EEB-4B45-812D-5987C9148938}"
EndProject
Project("{FAE04EC0-301F-11D3-BF4B-00C04F79EFBC}") = "SwiftCart.Data", "SwiftCart.Data\SwiftCart.Data.csproj", "{D168BD30-D29B-4F83-8E92-A0D9A0C31DC6}"
EndProject
Project("{FAE04EC0-301F-11D3-BF4B-00C04F79EFBC}") = "SwiftCart.Models", "SwiftCart.Models\SwiftCart.Models.csproj", "{0F7B0EA4-16E5-441F-A800-40BEB45AF2D2}"
EndProject
Project("{FAE04EC0-301F-11D3-BF4B-00C04F79EFBC}") = "SwiftCart.Integrations", "SwiftCart.Integrations\SwiftCart.Integrations.csproj", "{8CFBE64E-F0D3-450A-954C-5F1C6A64FCB0}"
EndProject
Project("{FAE04EC0-301F-11D3-BF4B-00C04F79EFBC}") = "SwiftCart.Api", "SwiftCart.Api\SwiftCart.Api.csproj", "{6FE23F8E-7A88-44D9-B905-F228D9257171}"
EndProject
Project("{FAE04EC0-301F-11D3-BF4B-00C04F79EFBC}") = "SwiftCart.Logging", "SwiftCart.Logging\SwiftCart.Logging.csproj", "{45A2F2BB-BE99-437E-9B2B-5DFE02A83D3B}"
EndProject
Global
	GlobalSection(SolutionConfigurationPlatforms) = preSolution
		Debug|Any CPU = Debug|Any CPU
		Release|Any CPU = Release|Any CPU
	EndGlobalSection
	GlobalSection(ProjectConfigurationPlatforms) = postSolution
		{99158BE0-7EEB-4B45-812D-5987C9148938}.Debug|Any CPU.ActiveCfg = Debug|Any CPU
		{99158BE0-7EEB-4B45-812D-5987C9148938}.Debug|Any CPU.Build.0 = Debug|Any CPU
		{99158BE0-7EEB-4B45-812D-5987C9148938}.Release|Any CPU.ActiveCfg = Release|Any CPU
		{99158BE0-7EEB-4B45-812D-5987C9148938}.Release|Any CPU.Build.0 = Release|Any CPU
		{D168BD30-D29B-4F83-8E92-A0D9A0C31DC6}.Debug|Any CPU.ActiveCfg = Debug|Any CPU
		{D168BD30-D29B-4F83-8E92-A0D9A0C31DC6}.Debug|Any CPU.Build.0 = Debug|Any CPU
		{D168BD30-D29B-4F83-8E92-A0D9A0C31DC6}.Release|Any CPU.ActiveCfg = Release|Any CPU
		{D168BD30-D29B-4F83-8E92-A0D9A0C31DC6}.Release|Any CPU.Build.0 = Release|Any CPU
		{0F7B0EA4-16E5-441F-A800-40BEB45AF2D2}.Debug|Any CPU.ActiveCfg = Debug|Any CPU
		{0F7B0EA4-16E5-441F-A800-40BEB45AF2D2}.Debug|Any CPU.Build.0 = Debug|Any CPU
		{0F7B0EA4-16E5-441F-A800-40BEB45AF2D2}.Release|Any CPU.ActiveCfg = Release|Any CPU
		{0F7B0EA4-16E5-441F-A800-40BEB45AF2D2}.Release|Any CPU.Build.0 = Release|Any CPU
		{8CFBE64E-F0D3-450A-954C-5F1C6A64FCB0}.Debug|Any CPU.ActiveCfg = Debug|Any CPU
		{8CFBE64E-F0D3-450A-954C-5F1C6A64FCB0}.Debug|Any CPU.Build.0 = Debug|Any CPU
		{8CFBE64E-F0D3-450A-954C-5F1C6A64FCB0}.Release|Any CPU.ActiveCfg = Release|Any CPU
		{8CFBE64E-F0D3-450A-954C-5F1C6A64FCB0}.Release|Any CPU.Build.0 = Release|Any CPU
		{6FE23F8E-7A88-44D9-B905-F228D9257171}.Debug|Any CPU.ActiveCfg = Debug|Any CPU
		{6FE23F8E-7A88-44D9-B905-F228D9257171}.Debug|Any CPU.Build.0 = Debug|Any CPU
		{6FE23F8E-7A88-44D9-B905-F228D9257171}.Release|Any CPU.ActiveCfg = Release|Any CPU
		{6FE23F8E-7A88-44D9-B905-F228D9257171}.Release|Any CPU.Build.0 = Release|Any CPU
		{45A2F2BB-BE99-437E-9B2B-5DFE02A83D3B}.Debug|Any CPU.ActiveCfg = Debug|Any CPU
		{45A2F2BB-BE99-437E-9B2B-5DFE02A83D3B}.Debug|Any CPU.Build.0 = Debug|Any CPU
		{45A2F2BB-BE99-437E-9B2B-5DFE02A83D3B}.Release|Any CPU.ActiveCfg = Release|Any CPU
		{45A2F2BB-BE99-437E-9B2B-5DFE02A83D3B}.Release|Any CPU.Build.0 = Release|Any CPU
	EndGlobalSection
	GlobalSection(SolutionProperties) = preSolution
		HideSolutionNode = FALSE
	EndGlobalSection
	GlobalSection(ExtensibilityGlobals) = postSolution
		EnterpriseLibraryConfigurationToolBinariesPathV6 = packages\EnterpriseLibrary.Common.6.0.1304.0\lib\NET45;packages\EnterpriseLibrary.Data.6.0.1304.0\lib\NET45
	EndGlobalSection
EndGlobal
